
Microsoft Visual Studio Solution File, Format Version 12.00
# Visual Studio 15
VisualStudioVersion = 15.0.27004.2008
MinimumVisualStudioVersion = 10.0.40219.1
Project("{9A19103F-16F7-4668-BE54-9A1E7A4F7556}") = "Host", "Host\Host.csproj", "{D33B67B6-F84E-427D-9356-A2EB37F6109A}"
EndProject
Project("{9A19103F-16F7-4668-BE54-9A1E7A4F7556}") = "Core", "Core\Core.csproj", "{3D143615-2A12-4E30-BD08-5A009516CAF8}"
EndProject
Global
	GlobalSection(SolutionConfigurationPlatforms) = preSolution
		Debug|Any CPU = Debug|Any CPU
		Release|Any CPU = Release|Any CPU
	EndGlobalSection
	GlobalSection(ProjectConfigurationPlatforms) = postSolution
		{D33B67B6-F84E-427D-9356-A2EB37F6109A}.Debug|Any CPU.ActiveCfg = Debug|Any CPU
		{D33B67B6-F84E-427D-9356-A2EB37F6109A}.Debug|Any CPU.Build.0 = Debug|Any CPU
		{D33B67B6-F84E-427D-9356-A2EB37F6109A}.Release|Any CPU.ActiveCfg = Release|Any CPU
		{D33B67B6-F84E-427D-9356-A2EB37F6109A}.Release|Any CPU.Build.0 = Release|Any CPU
		{3D143615-2A12-4E30-BD08-5A009516CAF8}.Debug|Any CPU.ActiveCfg = Debug|Any CPU
		{3D143615-2A12-4E30-BD08-5A009516CAF8}.Debug|Any CPU.Build.0 = Debug|Any CPU
		{3D143615-2A12-4E30-BD08-5A009516CAF8}.Release|Any CPU.ActiveCfg = Release|Any CPU
		{3D143615-2A12-4E30-BD08-5A009516CAF8}.Release|Any CPU.Build.0 = Release|Any CPU
	EndGlobalSection
	GlobalSection(SolutionProperties) = preSolution
		HideSolutionNode = FALSE
	EndGlobalSection
	GlobalSection(ExtensibilityGlobals) = postSolution
		SolutionGuid = {5A446BF3-5A87-4C2D-B629-B773E493EED0}
	EndGlobalSection
EndGlobal
